// !$*UTF8*$!
{
	archiveVersion = 1;
	classes = {
	};
	objectVersion = 56;
	objects = {

/* Begin PBXBuildFile section */
		A00DA9952C914680008DFE1D /* PlayerSelector.swift in Sources */ = {isa = PBXBuildFile; fileRef = A00DA9942C914680008DFE1D /* PlayerSelector.swift */; };
		A01CC9B72C7FEFB6009B84E6 /* ScorecardApp.swift in Sources */ = {isa = PBXBuildFile; fileRef = A01CC9B62C7FEFB6009B84E6 /* ScorecardApp.swift */; };
		A01CC9B92C7FEFB6009B84E6 /* ContentView.swift in Sources */ = {isa = PBXBuildFile; fileRef = A01CC9B82C7FEFB6009B84E6 /* ContentView.swift */; };
		A01CC9BB2C7FEFB6009B84E6 /* Item.swift in Sources */ = {isa = PBXBuildFile; fileRef = A01CC9BA2C7FEFB6009B84E6 /* Item.swift */; };
		A01CC9BD2C7FEFB8009B84E6 /* Assets.xcassets in Resources */ = {isa = PBXBuildFile; fileRef = A01CC9BC2C7FEFB8009B84E6 /* Assets.xcassets */; };
		A01CC9C02C7FEFB8009B84E6 /* Preview Assets.xcassets in Resources */ = {isa = PBXBuildFile; fileRef = A01CC9BF2C7FEFB8009B84E6 /* Preview Assets.xcassets */; };
		A01CC9CA2C7FEFB8009B84E6 /* ScorecardTests.swift in Sources */ = {isa = PBXBuildFile; fileRef = A01CC9C92C7FEFB8009B84E6 /* ScorecardTests.swift */; };
		A01CC9D42C7FEFB8009B84E6 /* ScorecardUITests.swift in Sources */ = {isa = PBXBuildFile; fileRef = A01CC9D32C7FEFB8009B84E6 /* ScorecardUITests.swift */; };
		A01CC9D62C7FEFB8009B84E6 /* ScorecardUITestsLaunchTests.swift in Sources */ = {isa = PBXBuildFile; fileRef = A01CC9D52C7FEFB8009B84E6 /* ScorecardUITestsLaunchTests.swift */; };
		A01CC9E32C7FF6A5009B84E6 /* PlayerPage.swift in Sources */ = {isa = PBXBuildFile; fileRef = A01CC9E22C7FF6A5009B84E6 /* PlayerPage.swift */; };
		A064E3F22C80061E00A554BD /* GamePage.swift in Sources */ = {isa = PBXBuildFile; fileRef = A064E3F12C80061E00A554BD /* GamePage.swift */; };
		A070E5902C901094009C7907 /* ScoreInfo.swift in Sources */ = {isa = PBXBuildFile; fileRef = A070E58F2C901094009C7907 /* ScoreInfo.swift */; };
		A070E5942C901458009C7907 /* NewItemPage.swift in Sources */ = {isa = PBXBuildFile; fileRef = A070E5932C901458009C7907 /* NewItemPage.swift */; };
		A070E5972C90E62D009C7907 /* PlayerListView.swift in Sources */ = {isa = PBXBuildFile; fileRef = A070E5962C90E62D009C7907 /* PlayerListView.swift */; };
		A070E5992C90E8D0009C7907 /* HomePage.swift in Sources */ = {isa = PBXBuildFile; fileRef = A070E5982C90E8D0009C7907 /* HomePage.swift */; };
		A0727E7F2C7FFA6300CB9E4C /* FramePage.swift in Sources */ = {isa = PBXBuildFile; fileRef = A0727E7E2C7FFA6300CB9E4C /* FramePage.swift */; };
		A090C0BA2C9C9A030051740A /* ScorecardPersistenceTests.swift in Sources */ = {isa = PBXBuildFile; fileRef = A090C0B92C9C9A030051740A /* ScorecardPersistenceTests.swift */; };
		A090C0C12C9CBBEA0051740A /* PlayerButton.swift in Sources */ = {isa = PBXBuildFile; fileRef = A090C0C02C9CBBEA0051740A /* PlayerButton.swift */; };
		A090C0C32C9CBEEC0051740A /* GolfGraphic.swift in Sources */ = {isa = PBXBuildFile; fileRef = A090C0C22C9CBEEC0051740A /* GolfGraphic.swift */; };
		A090C0C52C9CC2600051740A /* GameButton.swift in Sources */ = {isa = PBXBuildFile; fileRef = A090C0C42C9CC2600051740A /* GameButton.swift */; };
		A0A0FEA02CA729E80081E926 /* GameHistoryView.swift in Sources */ = {isa = PBXBuildFile; fileRef = A0A0FE9F2CA729E80081E926 /* GameHistoryView.swift */; };
		A0B1569E2C8FFC9500326190 /* PlayerInfo.swift in Sources */ = {isa = PBXBuildFile; fileRef = A0B1569D2C8FFC9500326190 /* PlayerInfo.swift */; };
		A0B156A22C8FFEAB00326190 /* FrameInfo.swift in Sources */ = {isa = PBXBuildFile; fileRef = A0B156A12C8FFEAB00326190 /* FrameInfo.swift */; };
		A0E607562CA7470F0009662E /* ModifierView.swift in Sources */ = {isa = PBXBuildFile; fileRef = A0E607552CA7470F0009662E /* ModifierView.swift */; };
		A0E607592CA7D61C0009662E /* ModifierIntPopup.swift in Sources */ = {isa = PBXBuildFile; fileRef = A0E607582CA7D61C0009662E /* ModifierIntPopup.swift */; };
		A0E6075B2CA8BFBC0009662E /* ModifierStringPopup.swift in Sources */ = {isa = PBXBuildFile; fileRef = A0E6075A2CA8BFBC0009662E /* ModifierStringPopup.swift */; };
/* End PBXBuildFile section */

/* Begin PBXContainerItemProxy section */
		A01CC9C62C7FEFB8009B84E6 /* PBXContainerItemProxy */ = {
			isa = PBXContainerItemProxy;
			containerPortal = A01CC9AB2C7FEFB6009B84E6 /* Project object */;
			proxyType = 1;
			remoteGlobalIDString = A01CC9B22C7FEFB6009B84E6;
			remoteInfo = Scorecard;
		};
		A01CC9D02C7FEFB8009B84E6 /* PBXContainerItemProxy */ = {
			isa = PBXContainerItemProxy;
			containerPortal = A01CC9AB2C7FEFB6009B84E6 /* Project object */;
			proxyType = 1;
			remoteGlobalIDString = A01CC9B22C7FEFB6009B84E6;
			remoteInfo = Scorecard;
		};
		A090C0BB2C9C9A030051740A /* PBXContainerItemProxy */ = {
			isa = PBXContainerItemProxy;
			containerPortal = A01CC9AB2C7FEFB6009B84E6 /* Project object */;
			proxyType = 1;
			remoteGlobalIDString = A01CC9B22C7FEFB6009B84E6;
			remoteInfo = Scorecard;
		};
/* End PBXContainerItemProxy section */

/* Begin PBXFileReference section */
		A00DA9942C914680008DFE1D /* PlayerSelector.swift */ = {isa = PBXFileReference; lastKnownFileType = sourcecode.swift; path = PlayerSelector.swift; sourceTree = "<group>"; };
		A01CC9B32C7FEFB6009B84E6 /* Scorecard.app */ = {isa = PBXFileReference; explicitFileType = wrapper.application; includeInIndex = 0; path = Scorecard.app; sourceTree = BUILT_PRODUCTS_DIR; };
		A01CC9B62C7FEFB6009B84E6 /* ScorecardApp.swift */ = {isa = PBXFileReference; lastKnownFileType = sourcecode.swift; path = ScorecardApp.swift; sourceTree = "<group>"; };
		A01CC9B82C7FEFB6009B84E6 /* ContentView.swift */ = {isa = PBXFileReference; lastKnownFileType = sourcecode.swift; path = ContentView.swift; sourceTree = "<group>"; };
		A01CC9BA2C7FEFB6009B84E6 /* Item.swift */ = {isa = PBXFileReference; lastKnownFileType = sourcecode.swift; path = Item.swift; sourceTree = "<group>"; };
		A01CC9BC2C7FEFB8009B84E6 /* Assets.xcassets */ = {isa = PBXFileReference; lastKnownFileType = folder.assetcatalog; path = Assets.xcassets; sourceTree = "<group>"; };
		A01CC9BF2C7FEFB8009B84E6 /* Preview Assets.xcassets */ = {isa = PBXFileReference; lastKnownFileType = folder.assetcatalog; path = "Preview Assets.xcassets"; sourceTree = "<group>"; };
		A01CC9C52C7FEFB8009B84E6 /* ScorecardTests.xctest */ = {isa = PBXFileReference; explicitFileType = wrapper.cfbundle; includeInIndex = 0; path = ScorecardTests.xctest; sourceTree = BUILT_PRODUCTS_DIR; };
		A01CC9C92C7FEFB8009B84E6 /* ScorecardTests.swift */ = {isa = PBXFileReference; lastKnownFileType = sourcecode.swift; path = ScorecardTests.swift; sourceTree = "<group>"; };
		A01CC9CF2C7FEFB8009B84E6 /* ScorecardUITests.xctest */ = {isa = PBXFileReference; explicitFileType = wrapper.cfbundle; includeInIndex = 0; path = ScorecardUITests.xctest; sourceTree = BUILT_PRODUCTS_DIR; };
		A01CC9D32C7FEFB8009B84E6 /* ScorecardUITests.swift */ = {isa = PBXFileReference; lastKnownFileType = sourcecode.swift; path = ScorecardUITests.swift; sourceTree = "<group>"; };
		A01CC9D52C7FEFB8009B84E6 /* ScorecardUITestsLaunchTests.swift */ = {isa = PBXFileReference; lastKnownFileType = sourcecode.swift; path = ScorecardUITestsLaunchTests.swift; sourceTree = "<group>"; };
		A01CC9E22C7FF6A5009B84E6 /* PlayerPage.swift */ = {isa = PBXFileReference; lastKnownFileType = sourcecode.swift; path = PlayerPage.swift; sourceTree = "<group>"; };
		A064E3F12C80061E00A554BD /* GamePage.swift */ = {isa = PBXFileReference; lastKnownFileType = sourcecode.swift; path = GamePage.swift; sourceTree = "<group>"; };
		A070E58F2C901094009C7907 /* ScoreInfo.swift */ = {isa = PBXFileReference; lastKnownFileType = sourcecode.swift; path = ScoreInfo.swift; sourceTree = "<group>"; };
		A070E5932C901458009C7907 /* NewItemPage.swift */ = {isa = PBXFileReference; lastKnownFileType = sourcecode.swift; path = NewItemPage.swift; sourceTree = "<group>"; };
		A070E5962C90E62D009C7907 /* PlayerListView.swift */ = {isa = PBXFileReference; lastKnownFileType = sourcecode.swift; path = PlayerListView.swift; sourceTree = "<group>"; };
		A070E5982C90E8D0009C7907 /* HomePage.swift */ = {isa = PBXFileReference; lastKnownFileType = sourcecode.swift; path = HomePage.swift; sourceTree = "<group>"; };
		A0727E7E2C7FFA6300CB9E4C /* FramePage.swift */ = {isa = PBXFileReference; lastKnownFileType = sourcecode.swift; path = FramePage.swift; sourceTree = "<group>"; };
		A090C0B72C9C9A030051740A /* ScorecardPersistenceTests.xctest */ = {isa = PBXFileReference; explicitFileType = wrapper.cfbundle; includeInIndex = 0; path = ScorecardPersistenceTests.xctest; sourceTree = BUILT_PRODUCTS_DIR; };
		A090C0B92C9C9A030051740A /* ScorecardPersistenceTests.swift */ = {isa = PBXFileReference; lastKnownFileType = sourcecode.swift; path = ScorecardPersistenceTests.swift; sourceTree = "<group>"; };
		A090C0C02C9CBBEA0051740A /* PlayerButton.swift */ = {isa = PBXFileReference; lastKnownFileType = sourcecode.swift; path = PlayerButton.swift; sourceTree = "<group>"; };
		A090C0C22C9CBEEC0051740A /* GolfGraphic.swift */ = {isa = PBXFileReference; lastKnownFileType = sourcecode.swift; path = GolfGraphic.swift; sourceTree = "<group>"; };
		A090C0C42C9CC2600051740A /* GameButton.swift */ = {isa = PBXFileReference; lastKnownFileType = sourcecode.swift; path = GameButton.swift; sourceTree = "<group>"; };
		A0A0FE9F2CA729E80081E926 /* GameHistoryView.swift */ = {isa = PBXFileReference; lastKnownFileType = sourcecode.swift; path = GameHistoryView.swift; sourceTree = "<group>"; };
		A0B1569D2C8FFC9500326190 /* PlayerInfo.swift */ = {isa = PBXFileReference; lastKnownFileType = sourcecode.swift; path = PlayerInfo.swift; sourceTree = "<group>"; };
		A0B156A12C8FFEAB00326190 /* FrameInfo.swift */ = {isa = PBXFileReference; lastKnownFileType = sourcecode.swift; path = FrameInfo.swift; sourceTree = "<group>"; };
		A0E607552CA7470F0009662E /* ModifierView.swift */ = {isa = PBXFileReference; lastKnownFileType = sourcecode.swift; path = ModifierView.swift; sourceTree = "<group>"; };
		A0E607582CA7D61C0009662E /* ModifierIntPopup.swift */ = {isa = PBXFileReference; lastKnownFileType = sourcecode.swift; path = ModifierIntPopup.swift; sourceTree = "<group>"; };
		A0E6075A2CA8BFBC0009662E /* ModifierStringPopup.swift */ = {isa = PBXFileReference; lastKnownFileType = sourcecode.swift; path = ModifierStringPopup.swift; sourceTree = "<group>"; };
/* End PBXFileReference section */

/* Begin PBXFrameworksBuildPhase section */
		A01CC9B02C7FEFB6009B84E6 /* Frameworks */ = {
			isa = PBXFrameworksBuildPhase;
			buildActionMask = 2147483647;
			files = (
			);
			runOnlyForDeploymentPostprocessing = 0;
		};
		A01CC9C22C7FEFB8009B84E6 /* Frameworks */ = {
			isa = PBXFrameworksBuildPhase;
			buildActionMask = 2147483647;
			files = (
			);
			runOnlyForDeploymentPostprocessing = 0;
		};
		A01CC9CC2C7FEFB8009B84E6 /* Frameworks */ = {
			isa = PBXFrameworksBuildPhase;
			buildActionMask = 2147483647;
			files = (
			);
			runOnlyForDeploymentPostprocessing = 0;
		};
		A090C0B42C9C9A030051740A /* Frameworks */ = {
			isa = PBXFrameworksBuildPhase;
			buildActionMask = 2147483647;
			files = (
			);
			runOnlyForDeploymentPostprocessing = 0;
		};
/* End PBXFrameworksBuildPhase section */

/* Begin PBXGroup section */
		A01CC9AA2C7FEFB6009B84E6 = {
			isa = PBXGroup;
			children = (
				A01CC9B52C7FEFB6009B84E6 /* Scorecard */,
				A01CC9BC2C7FEFB8009B84E6 /* Assets.xcassets */,
				A01CC9C82C7FEFB8009B84E6 /* ScorecardTests */,
				A01CC9D22C7FEFB8009B84E6 /* ScorecardUITests */,
				A090C0B82C9C9A030051740A /* ScorecardPersistenceTests */,
				A01CC9B42C7FEFB6009B84E6 /* Products */,
			);
			sourceTree = "<group>";
		};
		A01CC9B42C7FEFB6009B84E6 /* Products */ = {
			isa = PBXGroup;
			children = (
				A01CC9B32C7FEFB6009B84E6 /* Scorecard.app */,
				A01CC9C52C7FEFB8009B84E6 /* ScorecardTests.xctest */,
				A01CC9CF2C7FEFB8009B84E6 /* ScorecardUITests.xctest */,
				A090C0B72C9C9A030051740A /* ScorecardPersistenceTests.xctest */,
			);
			name = Products;
			sourceTree = "<group>";
		};
		A01CC9B52C7FEFB6009B84E6 /* Scorecard */ = {
			isa = PBXGroup;
			children = (
				A01CC9B62C7FEFB6009B84E6 /* ScorecardApp.swift */,
				A070E5982C90E8D0009C7907 /* HomePage.swift */,
				A01CC9BA2C7FEFB6009B84E6 /* Item.swift */,
				A070E5952C90E5EF009C7907 /* Game */,
				A0B156A02C8FFE8D00326190 /* Player */,
				A070E5922C901230009C7907 /* Frame */,
				A0E607572CA7D58A0009662E /* Modifier */,
				A01CC9BE2C7FEFB8009B84E6 /* Preview Content */,
			);
			path = Scorecard;
			sourceTree = "<group>";
		};
		A01CC9BE2C7FEFB8009B84E6 /* Preview Content */ = {
			isa = PBXGroup;
			children = (
				A01CC9BF2C7FEFB8009B84E6 /* Preview Assets.xcassets */,
			);
			path = "Preview Content";
			sourceTree = "<group>";
		};
		A01CC9C82C7FEFB8009B84E6 /* ScorecardTests */ = {
			isa = PBXGroup;
			children = (
				A01CC9C92C7FEFB8009B84E6 /* ScorecardTests.swift */,
			);
			path = ScorecardTests;
			sourceTree = "<group>";
		};
		A01CC9D22C7FEFB8009B84E6 /* ScorecardUITests */ = {
			isa = PBXGroup;
			children = (
				A01CC9D32C7FEFB8009B84E6 /* ScorecardUITests.swift */,
				A01CC9D52C7FEFB8009B84E6 /* ScorecardUITestsLaunchTests.swift */,
			);
			path = ScorecardUITests;
			sourceTree = "<group>";
		};
		A070E5922C901230009C7907 /* Frame */ = {
			isa = PBXGroup;
			children = (
				A0727E7E2C7FFA6300CB9E4C /* FramePage.swift */,
				A0B156A12C8FFEAB00326190 /* FrameInfo.swift */,
				A070E58F2C901094009C7907 /* ScoreInfo.swift */,
			);
			path = Frame;
			sourceTree = "<group>";
		};
		A070E5952C90E5EF009C7907 /* Game */ = {
			isa = PBXGroup;
			children = (
				A01CC9B82C7FEFB6009B84E6 /* ContentView.swift */,
				A070E5932C901458009C7907 /* NewItemPage.swift */,
				A064E3F12C80061E00A554BD /* GamePage.swift */,
				A090C0C22C9CBEEC0051740A /* GolfGraphic.swift */,
				A090C0C42C9CC2600051740A /* GameButton.swift */,
				A0A0FE9F2CA729E80081E926 /* GameHistoryView.swift */,
			);
			path = Game;
			sourceTree = "<group>";
		};
		A090C0B82C9C9A030051740A /* ScorecardPersistenceTests */ = {
			isa = PBXGroup;
			children = (
				A090C0B92C9C9A030051740A /* ScorecardPersistenceTests.swift */,
			);
			path = ScorecardPersistenceTests;
			sourceTree = "<group>";
		};
		A0B156A02C8FFE8D00326190 /* Player */ = {
			isa = PBXGroup;
			children = (
				A070E5962C90E62D009C7907 /* PlayerListView.swift */,
				A00DA9942C914680008DFE1D /* PlayerSelector.swift */,
				A01CC9E22C7FF6A5009B84E6 /* PlayerPage.swift */,
				A0B1569D2C8FFC9500326190 /* PlayerInfo.swift */,
				A090C0C02C9CBBEA0051740A /* PlayerButton.swift */,
			);
			path = Player;
			sourceTree = "<group>";
		};
		A0E607572CA7D58A0009662E /* Modifier */ = {
			isa = PBXGroup;
			children = (
				A0E607552CA7470F0009662E /* ModifierView.swift */,
				A0E607582CA7D61C0009662E /* ModifierIntPopup.swift */,
				A0E6075A2CA8BFBC0009662E /* ModifierStringPopup.swift */,
			);
			path = Modifier;
			sourceTree = "<group>";
		};
/* End PBXGroup section */

/* Begin PBXNativeTarget section */
		A01CC9B22C7FEFB6009B84E6 /* Scorecard */ = {
			isa = PBXNativeTarget;
			buildConfigurationList = A01CC9D92C7FEFB8009B84E6 /* Build configuration list for PBXNativeTarget "Scorecard" */;
			buildPhases = (
				A01CC9AF2C7FEFB6009B84E6 /* Sources */,
				A01CC9B02C7FEFB6009B84E6 /* Frameworks */,
				A01CC9B12C7FEFB6009B84E6 /* Resources */,
			);
			buildRules = (
			);
			dependencies = (
			);
			name = Scorecard;
			productName = Scorecard;
			productReference = A01CC9B32C7FEFB6009B84E6 /* Scorecard.app */;
			productType = "com.apple.product-type.application";
		};
		A01CC9C42C7FEFB8009B84E6 /* ScorecardTests */ = {
			isa = PBXNativeTarget;
			buildConfigurationList = A01CC9DC2C7FEFB8009B84E6 /* Build configuration list for PBXNativeTarget "ScorecardTests" */;
			buildPhases = (
				A01CC9C12C7FEFB8009B84E6 /* Sources */,
				A01CC9C22C7FEFB8009B84E6 /* Frameworks */,
				A01CC9C32C7FEFB8009B84E6 /* Resources */,
			);
			buildRules = (
			);
			dependencies = (
				A01CC9C72C7FEFB8009B84E6 /* PBXTargetDependency */,
			);
			name = ScorecardTests;
			productName = ScorecardTests;
			productReference = A01CC9C52C7FEFB8009B84E6 /* ScorecardTests.xctest */;
			productType = "com.apple.product-type.bundle.unit-test";
		};
		A01CC9CE2C7FEFB8009B84E6 /* ScorecardUITests */ = {
			isa = PBXNativeTarget;
			buildConfigurationList = A01CC9DF2C7FEFB8009B84E6 /* Build configuration list for PBXNativeTarget "ScorecardUITests" */;
			buildPhases = (
				A01CC9CB2C7FEFB8009B84E6 /* Sources */,
				A01CC9CC2C7FEFB8009B84E6 /* Frameworks */,
				A01CC9CD2C7FEFB8009B84E6 /* Resources */,
			);
			buildRules = (
			);
			dependencies = (
				A01CC9D12C7FEFB8009B84E6 /* PBXTargetDependency */,
			);
			name = ScorecardUITests;
			productName = ScorecardUITests;
			productReference = A01CC9CF2C7FEFB8009B84E6 /* ScorecardUITests.xctest */;
			productType = "com.apple.product-type.bundle.ui-testing";
		};
		A090C0B62C9C9A030051740A /* ScorecardPersistenceTests */ = {
			isa = PBXNativeTarget;
			buildConfigurationList = A090C0BF2C9C9A030051740A /* Build configuration list for PBXNativeTarget "ScorecardPersistenceTests" */;
			buildPhases = (
				A090C0B32C9C9A030051740A /* Sources */,
				A090C0B42C9C9A030051740A /* Frameworks */,
				A090C0B52C9C9A030051740A /* Resources */,
			);
			buildRules = (
			);
			dependencies = (
				A090C0BC2C9C9A030051740A /* PBXTargetDependency */,
			);
			name = ScorecardPersistenceTests;
			productName = ScorecardPersistenceTests;
			productReference = A090C0B72C9C9A030051740A /* ScorecardPersistenceTests.xctest */;
			productType = "com.apple.product-type.bundle.unit-test";
		};
/* End PBXNativeTarget section */

/* Begin PBXProject section */
		A01CC9AB2C7FEFB6009B84E6 /* Project object */ = {
			isa = PBXProject;
			attributes = {
				BuildIndependentTargetsInParallel = 1;
				LastSwiftUpdateCheck = 1540;
				LastUpgradeCheck = 1540;
				TargetAttributes = {
					A01CC9B22C7FEFB6009B84E6 = {
						CreatedOnToolsVersion = 15.4;
					};
					A01CC9C42C7FEFB8009B84E6 = {
						CreatedOnToolsVersion = 15.4;
						TestTargetID = A01CC9B22C7FEFB6009B84E6;
					};
					A01CC9CE2C7FEFB8009B84E6 = {
						CreatedOnToolsVersion = 15.4;
						TestTargetID = A01CC9B22C7FEFB6009B84E6;
					};
					A090C0B62C9C9A030051740A = {
						CreatedOnToolsVersion = 15.4;
						TestTargetID = A01CC9B22C7FEFB6009B84E6;
					};
				};
			};
			buildConfigurationList = A01CC9AE2C7FEFB6009B84E6 /* Build configuration list for PBXProject "Scorecard" */;
			compatibilityVersion = "Xcode 14.0";
			developmentRegion = en;
			hasScannedForEncodings = 0;
			knownRegions = (
				en,
				Base,
			);
			mainGroup = A01CC9AA2C7FEFB6009B84E6;
			productRefGroup = A01CC9B42C7FEFB6009B84E6 /* Products */;
			projectDirPath = "";
			projectRoot = "";
			targets = (
				A01CC9B22C7FEFB6009B84E6 /* Scorecard */,
				A01CC9C42C7FEFB8009B84E6 /* ScorecardTests */,
				A01CC9CE2C7FEFB8009B84E6 /* ScorecardUITests */,
				A090C0B62C9C9A030051740A /* ScorecardPersistenceTests */,
			);
		};
/* End PBXProject section */

/* Begin PBXResourcesBuildPhase section */
		A01CC9B12C7FEFB6009B84E6 /* Resources */ = {
			isa = PBXResourcesBuildPhase;
			buildActionMask = 2147483647;
			files = (
				A01CC9C02C7FEFB8009B84E6 /* Preview Assets.xcassets in Resources */,
				A01CC9BD2C7FEFB8009B84E6 /* Assets.xcassets in Resources */,
			);
			runOnlyForDeploymentPostprocessing = 0;
		};
		A01CC9C32C7FEFB8009B84E6 /* Resources */ = {
			isa = PBXResourcesBuildPhase;
			buildActionMask = 2147483647;
			files = (
			);
			runOnlyForDeploymentPostprocessing = 0;
		};
		A01CC9CD2C7FEFB8009B84E6 /* Resources */ = {
			isa = PBXResourcesBuildPhase;
			buildActionMask = 2147483647;
			files = (
			);
			runOnlyForDeploymentPostprocessing = 0;
		};
		A090C0B52C9C9A030051740A /* Resources */ = {
			isa = PBXResourcesBuildPhase;
			buildActionMask = 2147483647;
			files = (
			);
			runOnlyForDeploymentPostprocessing = 0;
		};
/* End PBXResourcesBuildPhase section */

/* Begin PBXSourcesBuildPhase section */
		A01CC9AF2C7FEFB6009B84E6 /* Sources */ = {
			isa = PBXSourcesBuildPhase;
			buildActionMask = 2147483647;
			files = (
				A01CC9B92C7FEFB6009B84E6 /* ContentView.swift in Sources */,
				A090C0C52C9CC2600051740A /* GameButton.swift in Sources */,
				A0E6075B2CA8BFBC0009662E /* ModifierStringPopup.swift in Sources */,
				A0B156A22C8FFEAB00326190 /* FrameInfo.swift in Sources */,
				A0E607592CA7D61C0009662E /* ModifierIntPopup.swift in Sources */,
				A01CC9E32C7FF6A5009B84E6 /* PlayerPage.swift in Sources */,
				A064E3F22C80061E00A554BD /* GamePage.swift in Sources */,
				A090C0C32C9CBEEC0051740A /* GolfGraphic.swift in Sources */,
				A070E5942C901458009C7907 /* NewItemPage.swift in Sources */,
				A01CC9BB2C7FEFB6009B84E6 /* Item.swift in Sources */,
				A070E5972C90E62D009C7907 /* PlayerListView.swift in Sources */,
				A0E607562CA7470F0009662E /* ModifierView.swift in Sources */,
				A00DA9952C914680008DFE1D /* PlayerSelector.swift in Sources */,
				A090C0C12C9CBBEA0051740A /* PlayerButton.swift in Sources */,
				A070E5992C90E8D0009C7907 /* HomePage.swift in Sources */,
				A0727E7F2C7FFA6300CB9E4C /* FramePage.swift in Sources */,
				A0A0FEA02CA729E80081E926 /* GameHistoryView.swift in Sources */,
				A01CC9B72C7FEFB6009B84E6 /* ScorecardApp.swift in Sources */,
				A0B1569E2C8FFC9500326190 /* PlayerInfo.swift in Sources */,
				A070E5902C901094009C7907 /* ScoreInfo.swift in Sources */,
			);
			runOnlyForDeploymentPostprocessing = 0;
		};
		A01CC9C12C7FEFB8009B84E6 /* Sources */ = {
			isa = PBXSourcesBuildPhase;
			buildActionMask = 2147483647;
			files = (
				A01CC9CA2C7FEFB8009B84E6 /* ScorecardTests.swift in Sources */,
			);
			runOnlyForDeploymentPostprocessing = 0;
		};
		A01CC9CB2C7FEFB8009B84E6 /* Sources */ = {
			isa = PBXSourcesBuildPhase;
			buildActionMask = 2147483647;
			files = (
				A01CC9D42C7FEFB8009B84E6 /* ScorecardUITests.swift in Sources */,
				A01CC9D62C7FEFB8009B84E6 /* ScorecardUITestsLaunchTests.swift in Sources */,
			);
			runOnlyForDeploymentPostprocessing = 0;
		};
		A090C0B32C9C9A030051740A /* Sources */ = {
			isa = PBXSourcesBuildPhase;
			buildActionMask = 2147483647;
			files = (
				A090C0BA2C9C9A030051740A /* ScorecardPersistenceTests.swift in Sources */,
			);
			runOnlyForDeploymentPostprocessing = 0;
		};
/* End PBXSourcesBuildPhase section */

/* Begin PBXTargetDependency section */
		A01CC9C72C7FEFB8009B84E6 /* PBXTargetDependency */ = {
			isa = PBXTargetDependency;
			target = A01CC9B22C7FEFB6009B84E6 /* Scorecard */;
			targetProxy = A01CC9C62C7FEFB8009B84E6 /* PBXContainerItemProxy */;
		};
		A01CC9D12C7FEFB8009B84E6 /* PBXTargetDependency */ = {
			isa = PBXTargetDependency;
			target = A01CC9B22C7FEFB6009B84E6 /* Scorecard */;
			targetProxy = A01CC9D02C7FEFB8009B84E6 /* PBXContainerItemProxy */;
		};
		A090C0BC2C9C9A030051740A /* PBXTargetDependency */ = {
			isa = PBXTargetDependency;
			target = A01CC9B22C7FEFB6009B84E6 /* Scorecard */;
			targetProxy = A090C0BB2C9C9A030051740A /* PBXContainerItemProxy */;
		};
/* End PBXTargetDependency section */

/* Begin XCBuildConfiguration section */
		A01CC9D72C7FEFB8009B84E6 /* Debug */ = {
			isa = XCBuildConfiguration;
			buildSettings = {
				ALWAYS_SEARCH_USER_PATHS = NO;
				ASSETCATALOG_COMPILER_GENERATE_SWIFT_ASSET_SYMBOL_EXTENSIONS = YES;
				CLANG_ANALYZER_NONNULL = YES;
				CLANG_ANALYZER_NUMBER_OBJECT_CONVERSION = YES_AGGRESSIVE;
				CLANG_CXX_LANGUAGE_STANDARD = "gnu++20";
				CLANG_ENABLE_MODULES = YES;
				CLANG_ENABLE_OBJC_ARC = YES;
				CLANG_ENABLE_OBJC_WEAK = YES;
				CLANG_WARN_BLOCK_CAPTURE_AUTORELEASING = YES;
				CLANG_WARN_BOOL_CONVERSION = YES;
				CLANG_WARN_COMMA = YES;
				CLANG_WARN_CONSTANT_CONVERSION = YES;
				CLANG_WARN_DEPRECATED_OBJC_IMPLEMENTATIONS = YES;
				CLANG_WARN_DIRECT_OBJC_ISA_USAGE = YES_ERROR;
				CLANG_WARN_DOCUMENTATION_COMMENTS = YES;
				CLANG_WARN_EMPTY_BODY = YES;
				CLANG_WARN_ENUM_CONVERSION = YES;
				CLANG_WARN_INFINITE_RECURSION = YES;
				CLANG_WARN_INT_CONVERSION = YES;
				CLANG_WARN_NON_LITERAL_NULL_CONVERSION = YES;
				CLANG_WARN_OBJC_IMPLICIT_RETAIN_SELF = YES;
				CLANG_WARN_OBJC_LITERAL_CONVERSION = YES;
				CLANG_WARN_OBJC_ROOT_CLASS = YES_ERROR;
				CLANG_WARN_QUOTED_INCLUDE_IN_FRAMEWORK_HEADER = YES;
				CLANG_WARN_RANGE_LOOP_ANALYSIS = YES;
				CLANG_WARN_STRICT_PROTOTYPES = YES;
				CLANG_WARN_SUSPICIOUS_MOVE = YES;
				CLANG_WARN_UNGUARDED_AVAILABILITY = YES_AGGRESSIVE;
				CLANG_WARN_UNREACHABLE_CODE = YES;
				CLANG_WARN__DUPLICATE_METHOD_MATCH = YES;
				COPY_PHASE_STRIP = NO;
				DEBUG_INFORMATION_FORMAT = dwarf;
				ENABLE_STRICT_OBJC_MSGSEND = YES;
				ENABLE_TESTABILITY = YES;
				ENABLE_USER_SCRIPT_SANDBOXING = YES;
				GCC_C_LANGUAGE_STANDARD = gnu17;
				GCC_DYNAMIC_NO_PIC = NO;
				GCC_NO_COMMON_BLOCKS = YES;
				GCC_OPTIMIZATION_LEVEL = 0;
				GCC_PREPROCESSOR_DEFINITIONS = (
					"DEBUG=1",
					"$(inherited)",
				);
				GCC_WARN_64_TO_32_BIT_CONVERSION = YES;
				GCC_WARN_ABOUT_RETURN_TYPE = YES_ERROR;
				GCC_WARN_UNDECLARED_SELECTOR = YES;
				GCC_WARN_UNINITIALIZED_AUTOS = YES_AGGRESSIVE;
				GCC_WARN_UNUSED_FUNCTION = YES;
				GCC_WARN_UNUSED_VARIABLE = YES;
				IPHONEOS_DEPLOYMENT_TARGET = 17.5;
				LOCALIZATION_PREFERS_STRING_CATALOGS = YES;
				MTL_ENABLE_DEBUG_INFO = INCLUDE_SOURCE;
				MTL_FAST_MATH = YES;
				ONLY_ACTIVE_ARCH = YES;
				SDKROOT = iphoneos;
				SWIFT_ACTIVE_COMPILATION_CONDITIONS = "DEBUG $(inherited)";
				SWIFT_OPTIMIZATION_LEVEL = "-Onone";
			};
			name = Debug;
		};
		A01CC9D82C7FEFB8009B84E6 /* Release */ = {
			isa = XCBuildConfiguration;
			buildSettings = {
				ALWAYS_SEARCH_USER_PATHS = NO;
				ASSETCATALOG_COMPILER_GENERATE_SWIFT_ASSET_SYMBOL_EXTENSIONS = YES;
				CLANG_ANALYZER_NONNULL = YES;
				CLANG_ANALYZER_NUMBER_OBJECT_CONVERSION = YES_AGGRESSIVE;
				CLANG_CXX_LANGUAGE_STANDARD = "gnu++20";
				CLANG_ENABLE_MODULES = YES;
				CLANG_ENABLE_OBJC_ARC = YES;
				CLANG_ENABLE_OBJC_WEAK = YES;
				CLANG_WARN_BLOCK_CAPTURE_AUTORELEASING = YES;
				CLANG_WARN_BOOL_CONVERSION = YES;
				CLANG_WARN_COMMA = YES;
				CLANG_WARN_CONSTANT_CONVERSION = YES;
				CLANG_WARN_DEPRECATED_OBJC_IMPLEMENTATIONS = YES;
				CLANG_WARN_DIRECT_OBJC_ISA_USAGE = YES_ERROR;
				CLANG_WARN_DOCUMENTATION_COMMENTS = YES;
				CLANG_WARN_EMPTY_BODY = YES;
				CLANG_WARN_ENUM_CONVERSION = YES;
				CLANG_WARN_INFINITE_RECURSION = YES;
				CLANG_WARN_INT_CONVERSION = YES;
				CLANG_WARN_NON_LITERAL_NULL_CONVERSION = YES;
				CLANG_WARN_OBJC_IMPLICIT_RETAIN_SELF = YES;
				CLANG_WARN_OBJC_LITERAL_CONVERSION = YES;
				CLANG_WARN_OBJC_ROOT_CLASS = YES_ERROR;
				CLANG_WARN_QUOTED_INCLUDE_IN_FRAMEWORK_HEADER = YES;
				CLANG_WARN_RANGE_LOOP_ANALYSIS = YES;
				CLANG_WARN_STRICT_PROTOTYPES = YES;
				CLANG_WARN_SUSPICIOUS_MOVE = YES;
				CLANG_WARN_UNGUARDED_AVAILABILITY = YES_AGGRESSIVE;
				CLANG_WARN_UNREACHABLE_CODE = YES;
				CLANG_WARN__DUPLICATE_METHOD_MATCH = YES;
				COPY_PHASE_STRIP = NO;
				DEBUG_INFORMATION_FORMAT = "dwarf-with-dsym";
				ENABLE_NS_ASSERTIONS = NO;
				ENABLE_STRICT_OBJC_MSGSEND = YES;
				ENABLE_USER_SCRIPT_SANDBOXING = YES;
				GCC_C_LANGUAGE_STANDARD = gnu17;
				GCC_NO_COMMON_BLOCKS = YES;
				GCC_WARN_64_TO_32_BIT_CONVERSION = YES;
				GCC_WARN_ABOUT_RETURN_TYPE = YES_ERROR;
				GCC_WARN_UNDECLARED_SELECTOR = YES;
				GCC_WARN_UNINITIALIZED_AUTOS = YES_AGGRESSIVE;
				GCC_WARN_UNUSED_FUNCTION = YES;
				GCC_WARN_UNUSED_VARIABLE = YES;
				IPHONEOS_DEPLOYMENT_TARGET = 17.5;
				LOCALIZATION_PREFERS_STRING_CATALOGS = YES;
				MTL_ENABLE_DEBUG_INFO = NO;
				MTL_FAST_MATH = YES;
				SDKROOT = iphoneos;
				SWIFT_COMPILATION_MODE = wholemodule;
				VALIDATE_PRODUCT = YES;
			};
			name = Release;
		};
		A01CC9DA2C7FEFB8009B84E6 /* Debug */ = {
			isa = XCBuildConfiguration;
			buildSettings = {
				ASSETCATALOG_COMPILER_APPICON_NAME = AppIcon;
				ASSETCATALOG_COMPILER_GLOBAL_ACCENT_COLOR_NAME = AccentColor;
				CODE_SIGN_STYLE = Automatic;
				CURRENT_PROJECT_VERSION = 1;
				DEVELOPMENT_ASSET_PATHS = "\"Scorecard/Preview Content\"";
				DEVELOPMENT_TEAM = C44782LR97;
				ENABLE_PREVIEWS = YES;
				GENERATE_INFOPLIST_FILE = YES;
				INFOPLIST_KEY_UIApplicationSceneManifest_Generation = YES;
				INFOPLIST_KEY_UIApplicationSupportsIndirectInputEvents = YES;
				INFOPLIST_KEY_UILaunchScreen_Generation = YES;
				INFOPLIST_KEY_UISupportedInterfaceOrientations_iPad = "UIInterfaceOrientationPortrait UIInterfaceOrientationPortraitUpsideDown UIInterfaceOrientationLandscapeLeft UIInterfaceOrientationLandscapeRight";
				INFOPLIST_KEY_UISupportedInterfaceOrientations_iPhone = "UIInterfaceOrientationPortrait UIInterfaceOrientationLandscapeLeft UIInterfaceOrientationLandscapeRight";
				LD_RUNPATH_SEARCH_PATHS = (
					"$(inherited)",
					"@executable_path/Frameworks",
				);
				MARKETING_VERSION = 1.0;
				PRODUCT_BUNDLE_IDENTIFIER = bg.Scorecard;
				PRODUCT_NAME = "$(TARGET_NAME)";
				SWIFT_EMIT_LOC_STRINGS = YES;
				SWIFT_VERSION = 5.0;
				TARGETED_DEVICE_FAMILY = "1,2";
			};
			name = Debug;
		};
		A01CC9DB2C7FEFB8009B84E6 /* Release */ = {
			isa = XCBuildConfiguration;
			buildSettings = {
				ASSETCATALOG_COMPILER_APPICON_NAME = AppIcon;
				ASSETCATALOG_COMPILER_GLOBAL_ACCENT_COLOR_NAME = AccentColor;
				CODE_SIGN_STYLE = Automatic;
				CURRENT_PROJECT_VERSION = 1;
				DEVELOPMENT_ASSET_PATHS = "\"Scorecard/Preview Content\"";
				DEVELOPMENT_TEAM = C44782LR97;
				ENABLE_PREVIEWS = YES;
				GENERATE_INFOPLIST_FILE = YES;
				INFOPLIST_KEY_UIApplicationSceneManifest_Generation = YES;
				INFOPLIST_KEY_UIApplicationSupportsIndirectInputEvents = YES;
				INFOPLIST_KEY_UILaunchScreen_Generation = YES;
				INFOPLIST_KEY_UISupportedInterfaceOrientations_iPad = "UIInterfaceOrientationPortrait UIInterfaceOrientationPortraitUpsideDown UIInterfaceOrientationLandscapeLeft UIInterfaceOrientationLandscapeRight";
				INFOPLIST_KEY_UISupportedInterfaceOrientations_iPhone = "UIInterfaceOrientationPortrait UIInterfaceOrientationLandscapeLeft UIInterfaceOrientationLandscapeRight";
				LD_RUNPATH_SEARCH_PATHS = (
					"$(inherited)",
					"@executable_path/Frameworks",
				);
				MARKETING_VERSION = 1.0;
				PRODUCT_BUNDLE_IDENTIFIER = bg.Scorecard;
				PRODUCT_NAME = "$(TARGET_NAME)";
				SWIFT_EMIT_LOC_STRINGS = YES;
				SWIFT_VERSION = 5.0;
				TARGETED_DEVICE_FAMILY = "1,2";
			};
			name = Release;
		};
		A01CC9DD2C7FEFB8009B84E6 /* Debug */ = {
			isa = XCBuildConfiguration;
			buildSettings = {
				ALWAYS_EMBED_SWIFT_STANDARD_LIBRARIES = YES;
				BUNDLE_LOADER = "$(TEST_HOST)";
				CODE_SIGN_STYLE = Automatic;
				CURRENT_PROJECT_VERSION = 1;
				DEVELOPMENT_TEAM = C44782LR97;
				GENERATE_INFOPLIST_FILE = YES;
				IPHONEOS_DEPLOYMENT_TARGET = 17.5;
				MARKETING_VERSION = 1.0;
				PRODUCT_BUNDLE_IDENTIFIER = bg.ScorecardTests;
				PRODUCT_NAME = "$(TARGET_NAME)";
				SWIFT_EMIT_LOC_STRINGS = NO;
				SWIFT_VERSION = 5.0;
				TARGETED_DEVICE_FAMILY = "1,2";
				TEST_HOST = "$(BUILT_PRODUCTS_DIR)/Scorecard.app/$(BUNDLE_EXECUTABLE_FOLDER_PATH)/Scorecard";
			};
			name = Debug;
		};
		A01CC9DE2C7FEFB8009B84E6 /* Release */ = {
			isa = XCBuildConfiguration;
			buildSettings = {
				ALWAYS_EMBED_SWIFT_STANDARD_LIBRARIES = YES;
				BUNDLE_LOADER = "$(TEST_HOST)";
				CODE_SIGN_STYLE = Automatic;
				CURRENT_PROJECT_VERSION = 1;
				DEVELOPMENT_TEAM = C44782LR97;
				GENERATE_INFOPLIST_FILE = YES;
				IPHONEOS_DEPLOYMENT_TARGET = 17.5;
				MARKETING_VERSION = 1.0;
				PRODUCT_BUNDLE_IDENTIFIER = bg.ScorecardTests;
				PRODUCT_NAME = "$(TARGET_NAME)";
				SWIFT_EMIT_LOC_STRINGS = NO;
				SWIFT_VERSION = 5.0;
				TARGETED_DEVICE_FAMILY = "1,2";
				TEST_HOST = "$(BUILT_PRODUCTS_DIR)/Scorecard.app/$(BUNDLE_EXECUTABLE_FOLDER_PATH)/Scorecard";
			};
			name = Release;
		};
		A01CC9E02C7FEFB8009B84E6 /* Debug */ = {
			isa = XCBuildConfiguration;
			buildSettings = {
				ALWAYS_EMBED_SWIFT_STANDARD_LIBRARIES = YES;
				CODE_SIGN_STYLE = Automatic;
				CURRENT_PROJECT_VERSION = 1;
				DEVELOPMENT_TEAM = C44782LR97;
				GENERATE_INFOPLIST_FILE = YES;
				MARKETING_VERSION = 1.0;
				PRODUCT_BUNDLE_IDENTIFIER = bg.ScorecardUITests;
				PRODUCT_NAME = "$(TARGET_NAME)";
				SWIFT_EMIT_LOC_STRINGS = NO;
				SWIFT_VERSION = 5.0;
				TARGETED_DEVICE_FAMILY = "1,2";
				TEST_TARGET_NAME = Scorecard;
			};
			name = Debug;
		};
		A01CC9E12C7FEFB8009B84E6 /* Release */ = {
			isa = XCBuildConfiguration;
			buildSettings = {
				ALWAYS_EMBED_SWIFT_STANDARD_LIBRARIES = YES;
				CODE_SIGN_STYLE = Automatic;
				CURRENT_PROJECT_VERSION = 1;
				DEVELOPMENT_TEAM = C44782LR97;
				GENERATE_INFOPLIST_FILE = YES;
				MARKETING_VERSION = 1.0;
				PRODUCT_BUNDLE_IDENTIFIER = bg.ScorecardUITests;
				PRODUCT_NAME = "$(TARGET_NAME)";
				SWIFT_EMIT_LOC_STRINGS = NO;
				SWIFT_VERSION = 5.0;
				TARGETED_DEVICE_FAMILY = "1,2";
				TEST_TARGET_NAME = Scorecard;
			};
			name = Release;
		};
		A090C0BD2C9C9A030051740A /* Debug */ = {
			isa = XCBuildConfiguration;
			buildSettings = {
				BUNDLE_LOADER = "$(TEST_HOST)";
				CODE_SIGN_STYLE = Automatic;
				CURRENT_PROJECT_VERSION = 1;
				DEVELOPMENT_TEAM = C44782LR97;
				GENERATE_INFOPLIST_FILE = YES;
				MARKETING_VERSION = 1.0;
				PRODUCT_BUNDLE_IDENTIFIER = bg.ScorecardPersistenceTests;
				PRODUCT_NAME = "$(TARGET_NAME)";
				SWIFT_EMIT_LOC_STRINGS = NO;
				SWIFT_VERSION = 5.0;
				TARGETED_DEVICE_FAMILY = "1,2";
				TEST_HOST = "$(BUILT_PRODUCTS_DIR)/Scorecard.app/$(BUNDLE_EXECUTABLE_FOLDER_PATH)/Scorecard";
			};
			name = Debug;
		};
		A090C0BE2C9C9A030051740A /* Release */ = {
			isa = XCBuildConfiguration;
			buildSettings = {
				BUNDLE_LOADER = "$(TEST_HOST)";
				CODE_SIGN_STYLE = Automatic;
				CURRENT_PROJECT_VERSION = 1;
				DEVELOPMENT_TEAM = C44782LR97;
				GENERATE_INFOPLIST_FILE = YES;
				MARKETING_VERSION = 1.0;
				PRODUCT_BUNDLE_IDENTIFIER = bg.ScorecardPersistenceTests;
				PRODUCT_NAME = "$(TARGET_NAME)";
				SWIFT_EMIT_LOC_STRINGS = NO;
				SWIFT_VERSION = 5.0;
				TARGETED_DEVICE_FAMILY = "1,2";
				TEST_HOST = "$(BUILT_PRODUCTS_DIR)/Scorecard.app/$(BUNDLE_EXECUTABLE_FOLDER_PATH)/Scorecard";
			};
			name = Release;
		};
/* End XCBuildConfiguration section */

/* Begin XCConfigurationList section */
		A01CC9AE2C7FEFB6009B84E6 /* Build configuration list for PBXProject "Scorecard" */ = {
			isa = XCConfigurationList;
			buildConfigurations = (
				A01CC9D72C7FEFB8009B84E6 /* Debug */,
				A01CC9D82C7FEFB8009B84E6 /* Release */,
			);
			defaultConfigurationIsVisible = 0;
			defaultConfigurationName = Release;
		};
		A01CC9D92C7FEFB8009B84E6 /* Build configuration list for PBXNativeTarget "Scorecard" */ = {
			isa = XCConfigurationList;
			buildConfigurations = (
				A01CC9DA2C7FEFB8009B84E6 /* Debug */,
				A01CC9DB2C7FEFB8009B84E6 /* Release */,
			);
			defaultConfigurationIsVisible = 0;
			defaultConfigurationName = Release;
		};
		A01CC9DC2C7FEFB8009B84E6 /* Build configuration list for PBXNativeTarget "ScorecardTests" */ = {
			isa = XCConfigurationList;
			buildConfigurations = (
				A01CC9DD2C7FEFB8009B84E6 /* Debug */,
				A01CC9DE2C7FEFB8009B84E6 /* Release */,
			);
			defaultConfigurationIsVisible = 0;
			defaultConfigurationName = Release;
		};
		A01CC9DF2C7FEFB8009B84E6 /* Build configuration list for PBXNativeTarget "ScorecardUITests" */ = {
			isa = XCConfigurationList;
			buildConfigurations = (
				A01CC9E02C7FEFB8009B84E6 /* Debug */,
				A01CC9E12C7FEFB8009B84E6 /* Release */,
			);
			defaultConfigurationIsVisible = 0;
			defaultConfigurationName = Release;
		};
		A090C0BF2C9C9A030051740A /* Build configuration list for PBXNativeTarget "ScorecardPersistenceTests" */ = {
			isa = XCConfigurationList;
			buildConfigurations = (
				A090C0BD2C9C9A030051740A /* Debug */,
				A090C0BE2C9C9A030051740A /* Release */,
			);
			defaultConfigurationIsVisible = 0;
			defaultConfigurationName = Release;
		};
/* End XCConfigurationList section */
	};
	rootObject = A01CC9AB2C7FEFB6009B84E6 /* Project object */;
}
